
Microsoft Visual Studio Solution File, Format Version 12.00
# Visual Studio Version 16
VisualStudioVersion = 16.0.31205.134
MinimumVisualStudioVersion = 10.0.40219.1
Project("{9A19103F-16F7-4668-BE54-9A1E7A4F7556}") = "Covid19Stadistics", "Covid19Stadistics\Covid19Stadistics.csproj", "{099A77FC-6A84-4761-879A-6061B39F2C6D}"
EndProject
Project("{9A19103F-16F7-4668-BE54-9A1E7A4F7556}") = "Covid19Stadistics.Data", "Covid19Stadistics.Data\Covid19Stadistics.Data.csproj", "{4F96DC07-BE31-4756-9280-037B45B8CF44}"
EndProject
Project("{9A19103F-16F7-4668-BE54-9A1E7A4F7556}") = "Covid19Stadistics.Providers", "Covid19Stadistics.Providers\Covid19Stadistics.Providers.csproj", "{B64FA4BF-E365-4B96-B59F-9B1DC5FE9EAE}"
EndProject
Project("{9A19103F-16F7-4668-BE54-9A1E7A4F7556}") = "Covid19Stadistics.Services", "Covid19Stadistics.Services\Covid19Stadistics.Services.csproj", "{3610B6F7-9C83-46BA-AA1F-AE6B0A645C34}"
EndProject
Project("{9A19103F-16F7-4668-BE54-9A1E7A4F7556}") = "Covid19Stadistics.Web", "Covid19Stadistics.Web\Covid19Stadistics.Web.csproj", "{93E71B96-9FF8-402B-A43F-F326130ECD10}"
EndProject
Global
	GlobalSection(SolutionConfigurationPlatforms) = preSolution
		Debug|Any CPU = Debug|Any CPU
		Release|Any CPU = Release|Any CPU
	EndGlobalSection
	GlobalSection(ProjectConfigurationPlatforms) = postSolution
		{099A77FC-6A84-4761-879A-6061B39F2C6D}.Debug|Any CPU.ActiveCfg = Debug|Any CPU
		{099A77FC-6A84-4761-879A-6061B39F2C6D}.Debug|Any CPU.Build.0 = Debug|Any CPU
		{099A77FC-6A84-4761-879A-6061B39F2C6D}.Release|Any CPU.ActiveCfg = Release|Any CPU
		{099A77FC-6A84-4761-879A-6061B39F2C6D}.Release|Any CPU.Build.0 = Release|Any CPU
		{4F96DC07-BE31-4756-9280-037B45B8CF44}.Debug|Any CPU.ActiveCfg = Debug|Any CPU
		{4F96DC07-BE31-4756-9280-037B45B8CF44}.Debug|Any CPU.Build.0 = Debug|Any CPU
		{4F96DC07-BE31-4756-9280-037B45B8CF44}.Release|Any CPU.ActiveCfg = Release|Any CPU
		{4F96DC07-BE31-4756-9280-037B45B8CF44}.Release|Any CPU.Build.0 = Release|Any CPU
		{B64FA4BF-E365-4B96-B59F-9B1DC5FE9EAE}.Debug|Any CPU.ActiveCfg = Debug|Any CPU
		{B64FA4BF-E365-4B96-B59F-9B1DC5FE9EAE}.Debug|Any CPU.Build.0 = Debug|Any CPU
		{B64FA4BF-E365-4B96-B59F-9B1DC5FE9EAE}.Release|Any CPU.ActiveCfg = Release|Any CPU
		{B64FA4BF-E365-4B96-B59F-9B1DC5FE9EAE}.Release|Any CPU.Build.0 = Release|Any CPU
		{3610B6F7-9C83-46BA-AA1F-AE6B0A645C34}.Debug|Any CPU.ActiveCfg = Debug|Any CPU
		{3610B6F7-9C83-46BA-AA1F-AE6B0A645C34}.Debug|Any CPU.Build.0 = Debug|Any CPU
		{3610B6F7-9C83-46BA-AA1F-AE6B0A645C34}.Release|Any CPU.ActiveCfg = Release|Any CPU
		{3610B6F7-9C83-46BA-AA1F-AE6B0A645C34}.Release|Any CPU.Build.0 = Release|Any CPU
		{93E71B96-9FF8-402B-A43F-F326130ECD10}.Debug|Any CPU.ActiveCfg = Debug|Any CPU
		{93E71B96-9FF8-402B-A43F-F326130ECD10}.Debug|Any CPU.Build.0 = Debug|Any CPU
		{93E71B96-9FF8-402B-A43F-F326130ECD10}.Release|Any CPU.ActiveCfg = Release|Any CPU
		{93E71B96-9FF8-402B-A43F-F326130ECD10}.Release|Any CPU.Build.0 = Release|Any CPU
	EndGlobalSection
	GlobalSection(SolutionProperties) = preSolution
		HideSolutionNode = FALSE
	EndGlobalSection
	GlobalSection(ExtensibilityGlobals) = postSolution
		SolutionGuid = {51258AD7-D932-4E4A-A613-8A1B66087585}
	EndGlobalSection
EndGlobal
